
Microsoft Visual Studio Solution File, Format Version 12.00
# Visual Studio Version 17
VisualStudioVersion = 17.11.35312.102
MinimumVisualStudioVersion = 10.0.40219.1
Project("{9A19103F-16F7-4668-BE54-9A1E7A4F7556}") = "ChatHub", "ChatHub\ChatHub\ChatHub.csproj", "{370CDAA8-C506-453D-8F55-7348ABBE4D6D}"
EndProject
Project("{9A19103F-16F7-4668-BE54-9A1E7A4F7556}") = "ChatHub.Client", "ChatHub\ChatHub.Client\ChatHub.Client.csproj", "{31EF158A-CACE-4E42-9D13-4E6B5CCD6D3D}"
EndProject
Project("{9A19103F-16F7-4668-BE54-9A1E7A4F7556}") = "Models", "Models\Models.csproj", "{055FCB26-EFDE-4F59-B76E-13A86FE33934}"
EndProject
Project("{FAE04EC0-301F-11D3-BF4B-00C04F79EFBC}") = "ChatMaui", "ChatMaui\ChatMaui.csproj", "{47CF3F21-79E2-459B-8993-1FC2C2F23C38}"
EndProject
Global
	GlobalSection(SolutionConfigurationPlatforms) = preSolution
		Debug|Any CPU = Debug|Any CPU
		Release|Any CPU = Release|Any CPU
	EndGlobalSection
	GlobalSection(ProjectConfigurationPlatforms) = postSolution
		{370CDAA8-C506-453D-8F55-7348ABBE4D6D}.Debug|Any CPU.ActiveCfg = Debug|Any CPU
		{370CDAA8-C506-453D-8F55-7348ABBE4D6D}.Debug|Any CPU.Build.0 = Debug|Any CPU
		{370CDAA8-C506-453D-8F55-7348ABBE4D6D}.Release|Any CPU.ActiveCfg = Release|Any CPU
		{370CDAA8-C506-453D-8F55-7348ABBE4D6D}.Release|Any CPU.Build.0 = Release|Any CPU
		{31EF158A-CACE-4E42-9D13-4E6B5CCD6D3D}.Debug|Any CPU.ActiveCfg = Debug|Any CPU
		{31EF158A-CACE-4E42-9D13-4E6B5CCD6D3D}.Debug|Any CPU.Build.0 = Debug|Any CPU
		{31EF158A-CACE-4E42-9D13-4E6B5CCD6D3D}.Release|Any CPU.ActiveCfg = Release|Any CPU
		{31EF158A-CACE-4E42-9D13-4E6B5CCD6D3D}.Release|Any CPU.Build.0 = Release|Any CPU
		{055FCB26-EFDE-4F59-B76E-13A86FE33934}.Debug|Any CPU.ActiveCfg = Debug|Any CPU
		{055FCB26-EFDE-4F59-B76E-13A86FE33934}.Debug|Any CPU.Build.0 = Debug|Any CPU
		{055FCB26-EFDE-4F59-B76E-13A86FE33934}.Release|Any CPU.ActiveCfg = Release|Any CPU
		{055FCB26-EFDE-4F59-B76E-13A86FE33934}.Release|Any CPU.Build.0 = Release|Any CPU
		{47CF3F21-79E2-459B-8993-1FC2C2F23C38}.Debug|Any CPU.ActiveCfg = Debug|Any CPU
		{47CF3F21-79E2-459B-8993-1FC2C2F23C38}.Debug|Any CPU.Build.0 = Debug|Any CPU
		{47CF3F21-79E2-459B-8993-1FC2C2F23C38}.Debug|Any CPU.Deploy.0 = Debug|Any CPU
		{47CF3F21-79E2-459B-8993-1FC2C2F23C38}.Release|Any CPU.ActiveCfg = Release|Any CPU
		{47CF3F21-79E2-459B-8993-1FC2C2F23C38}.Release|Any CPU.Build.0 = Release|Any CPU
		{47CF3F21-79E2-459B-8993-1FC2C2F23C38}.Release|Any CPU.Deploy.0 = Release|Any CPU
	EndGlobalSection
	GlobalSection(SolutionProperties) = preSolution
		HideSolutionNode = FALSE
	EndGlobalSection
	GlobalSection(ExtensibilityGlobals) = postSolution
		SolutionGuid = {8B57E5AC-B9D6-4C0F-AFCE-59FDBC83DBFD}
	EndGlobalSection
EndGlobal
